
Microsoft Visual Studio Solution File, Format Version 12.00
# Visual Studio Version 17
VisualStudioVersion = 17.14.36221.1
MinimumVisualStudioVersion = 10.0.40219.1
Project("{FAE04EC0-301F-11D3-BF4B-00C04F79EFBC}") = "SistemaVenta.Domain", "src\SistemaVenta.Domain\SistemaVenta.Domain.csproj", "{43F3E80C-821A-4CAE-B8DF-C6100A9F0AED}"
EndProject
Project("{FAE04EC0-301F-11D3-BF4B-00C04F79EFBC}") = "SistemaVenta.Application", "src\SistemaVenta.Application\SistemaVenta.Application.csproj", "{8D2CE1A1-9CA7-3EC9-116D-1EAB6DB51157}"
EndProject
Project("{FAE04EC0-301F-11D3-BF4B-00C04F79EFBC}") = "SistemaVenta.Domain.Tests", "tests\SistemaVenta.Domain.Tests\SistemaVenta.Domain.Tests.csproj", "{26B8BD9C-063D-7CCF-09B3-B12A7B0DC645}"
EndProject
Project("{FAE04EC0-301F-11D3-BF4B-00C04F79EFBC}") = "SistemaVenta.Application.Tests", "tests\SistemaVenta.Application.Tests\SistemaVenta.Application.Tests.csproj", "{FA5B5A1A-201A-4214-9DE9-5DDB696A73DC}"
EndProject
Project("{FAE04EC0-301F-11D3-BF4B-00C04F79EFBC}") = "SistemaVenta.Infrastructure", "src\SistemaVenta.Infrastructure\SistemaVenta.Infrastructure.csproj", "{E75BCF55-3709-48AB-9D5F-B21DBA33FF29}"
EndProject
Project("{FAE04EC0-301F-11D3-BF4B-00C04F79EFBC}") = "SistemaVenta.Web", "src\SistemaVenta.Web\SistemaVenta.Web.csproj", "{73121816-6DC7-4EB0-95A4-79A8F6F61069}"
EndProject
Global
	GlobalSection(SolutionConfigurationPlatforms) = preSolution
		Debug|Any CPU = Debug|Any CPU
		Release|Any CPU = Release|Any CPU
	EndGlobalSection
	GlobalSection(ProjectConfigurationPlatforms) = postSolution
		{43F3E80C-821A-4CAE-B8DF-C6100A9F0AED}.Debug|Any CPU.ActiveCfg = Debug|Any CPU
		{43F3E80C-821A-4CAE-B8DF-C6100A9F0AED}.Debug|Any CPU.Build.0 = Debug|Any CPU
		{43F3E80C-821A-4CAE-B8DF-C6100A9F0AED}.Release|Any CPU.ActiveCfg = Release|Any CPU
		{43F3E80C-821A-4CAE-B8DF-C6100A9F0AED}.Release|Any CPU.Build.0 = Release|Any CPU
		{8D2CE1A1-9CA7-3EC9-116D-1EAB6DB51157}.Debug|Any CPU.ActiveCfg = Debug|Any CPU
		{8D2CE1A1-9CA7-3EC9-116D-1EAB6DB51157}.Debug|Any CPU.Build.0 = Debug|Any CPU
		{8D2CE1A1-9CA7-3EC9-116D-1EAB6DB51157}.Release|Any CPU.ActiveCfg = Release|Any CPU
		{8D2CE1A1-9CA7-3EC9-116D-1EAB6DB51157}.Release|Any CPU.Build.0 = Release|Any CPU
		{26B8BD9C-063D-7CCF-09B3-B12A7B0DC645}.Debug|Any CPU.ActiveCfg = Debug|Any CPU
		{26B8BD9C-063D-7CCF-09B3-B12A7B0DC645}.Debug|Any CPU.Build.0 = Debug|Any CPU
		{26B8BD9C-063D-7CCF-09B3-B12A7B0DC645}.Release|Any CPU.ActiveCfg = Release|Any CPU
		{26B8BD9C-063D-7CCF-09B3-B12A7B0DC645}.Release|Any CPU.Build.0 = Release|Any CPU
		{FA5B5A1A-201A-4214-9DE9-5DDB696A73DC}.Debug|Any CPU.ActiveCfg = Debug|Any CPU
		{FA5B5A1A-201A-4214-9DE9-5DDB696A73DC}.Debug|Any CPU.Build.0 = Debug|Any CPU
		{FA5B5A1A-201A-4214-9DE9-5DDB696A73DC}.Release|Any CPU.ActiveCfg = Release|Any CPU
		{FA5B5A1A-201A-4214-9DE9-5DDB696A73DC}.Release|Any CPU.Build.0 = Release|Any CPU
		{E75BCF55-3709-48AB-9D5F-B21DBA33FF29}.Debug|Any CPU.ActiveCfg = Debug|Any CPU
		{E75BCF55-3709-48AB-9D5F-B21DBA33FF29}.Debug|Any CPU.Build.0 = Debug|Any CPU
		{E75BCF55-3709-48AB-9D5F-B21DBA33FF29}.Release|Any CPU.ActiveCfg = Release|Any CPU
		{E75BCF55-3709-48AB-9D5F-B21DBA33FF29}.Release|Any CPU.Build.0 = Release|Any CPU
		{73121816-6DC7-4EB0-95A4-79A8F6F61069}.Debug|Any CPU.ActiveCfg = Debug|Any CPU
		{73121816-6DC7-4EB0-95A4-79A8F6F61069}.Debug|Any CPU.Build.0 = Debug|Any CPU
		{73121816-6DC7-4EB0-95A4-79A8F6F61069}.Release|Any CPU.ActiveCfg = Release|Any CPU
		{73121816-6DC7-4EB0-95A4-79A8F6F61069}.Release|Any CPU.Build.0 = Release|Any CPU
	EndGlobalSection
	GlobalSection(SolutionProperties) = preSolution
		HideSolutionNode = FALSE
	EndGlobalSection
	GlobalSection(ExtensibilityGlobals) = postSolution
		SolutionGuid = {0D3D492E-F3B2-45B9-A610-7B8E8B72E0C4}
	EndGlobalSection
EndGlobal
